
Microsoft Visual Studio Solution File, Format Version 12.00
# Visual Studio Version 17
VisualStudioVersion = 17.12.35707.178
MinimumVisualStudioVersion = 10.0.40219.1
Project("{2150E333-8FDC-42A3-9474-1A3956D46DE8}") = "Core", "Core", "{C9CDBB29-B3F8-4047-B31A-2BA951CB01C7}"
EndProject
Project("{2150E333-8FDC-42A3-9474-1A3956D46DE8}") = "Intrastructure", "Intrastructure", "{56640BB7-3A7A-4EAE-A9AC-5871C5291E3B}"
EndProject
Project("{2150E333-8FDC-42A3-9474-1A3956D46DE8}") = "Presentation", "Presentation", "{A7C46BD1-33AB-4203-A96B-A15C57870716}"
EndProject
Project("{9A19103F-16F7-4668-BE54-9A1E7A4F7556}") = "EventProject.Api", "Presentation\EventProject.Api\EventProject.Api.csproj", "{95B3B436-D38C-4799-955D-E22CA8F4A286}"
EndProject
Project("{9A19103F-16F7-4668-BE54-9A1E7A4F7556}") = "EventProject.Domain", "Core\EventProject.Domain\EventProject.Domain.csproj", "{044B16DE-2F41-43B5-A019-AB2DCE8D3202}"
EndProject
Project("{9A19103F-16F7-4668-BE54-9A1E7A4F7556}") = "EventProject.Application", "Core\EventProject.Application\EventProject.Application.csproj", "{2EFB26E2-9209-4CF0-86E6-0F661EB51F87}"
EndProject
Project("{9A19103F-16F7-4668-BE54-9A1E7A4F7556}") = "EventProject.Persistence", "Infrastructure\EventProject.Persistence\EventProject.Persistence.csproj", "{8AFEB094-6B6B-4194-A98D-EDC76D1C7FF0}"
EndProject
Project("{9A19103F-16F7-4668-BE54-9A1E7A4F7556}") = "EventProject.Infrastructure", "Infrastructure\EventProject.Infrastructure\EventProject.Infrastructure.csproj", "{D27297FC-6944-4642-A47D-4BC90A7B63F7}"
EndProject
Global
	GlobalSection(SolutionConfigurationPlatforms) = preSolution
		Debug|Any CPU = Debug|Any CPU
		Release|Any CPU = Release|Any CPU
	EndGlobalSection
	GlobalSection(ProjectConfigurationPlatforms) = postSolution
		{95B3B436-D38C-4799-955D-E22CA8F4A286}.Debug|Any CPU.ActiveCfg = Debug|Any CPU
		{95B3B436-D38C-4799-955D-E22CA8F4A286}.Debug|Any CPU.Build.0 = Debug|Any CPU
		{95B3B436-D38C-4799-955D-E22CA8F4A286}.Release|Any CPU.ActiveCfg = Release|Any CPU
		{95B3B436-D38C-4799-955D-E22CA8F4A286}.Release|Any CPU.Build.0 = Release|Any CPU
		{044B16DE-2F41-43B5-A019-AB2DCE8D3202}.Debug|Any CPU.ActiveCfg = Debug|Any CPU
		{044B16DE-2F41-43B5-A019-AB2DCE8D3202}.Debug|Any CPU.Build.0 = Debug|Any CPU
		{044B16DE-2F41-43B5-A019-AB2DCE8D3202}.Release|Any CPU.ActiveCfg = Release|Any CPU
		{044B16DE-2F41-43B5-A019-AB2DCE8D3202}.Release|Any CPU.Build.0 = Release|Any CPU
		{2EFB26E2-9209-4CF0-86E6-0F661EB51F87}.Debug|Any CPU.ActiveCfg = Debug|Any CPU
		{2EFB26E2-9209-4CF0-86E6-0F661EB51F87}.Debug|Any CPU.Build.0 = Debug|Any CPU
		{2EFB26E2-9209-4CF0-86E6-0F661EB51F87}.Release|Any CPU.ActiveCfg = Release|Any CPU
		{2EFB26E2-9209-4CF0-86E6-0F661EB51F87}.Release|Any CPU.Build.0 = Release|Any CPU
		{8AFEB094-6B6B-4194-A98D-EDC76D1C7FF0}.Debug|Any CPU.ActiveCfg = Debug|Any CPU
		{8AFEB094-6B6B-4194-A98D-EDC76D1C7FF0}.Debug|Any CPU.Build.0 = Debug|Any CPU
		{8AFEB094-6B6B-4194-A98D-EDC76D1C7FF0}.Release|Any CPU.ActiveCfg = Release|Any CPU
		{8AFEB094-6B6B-4194-A98D-EDC76D1C7FF0}.Release|Any CPU.Build.0 = Release|Any CPU
		{D27297FC-6944-4642-A47D-4BC90A7B63F7}.Debug|Any CPU.ActiveCfg = Debug|Any CPU
		{D27297FC-6944-4642-A47D-4BC90A7B63F7}.Debug|Any CPU.Build.0 = Debug|Any CPU
		{D27297FC-6944-4642-A47D-4BC90A7B63F7}.Release|Any CPU.ActiveCfg = Release|Any CPU
		{D27297FC-6944-4642-A47D-4BC90A7B63F7}.Release|Any CPU.Build.0 = Release|Any CPU
	EndGlobalSection
	GlobalSection(SolutionProperties) = preSolution
		HideSolutionNode = FALSE
	EndGlobalSection
	GlobalSection(NestedProjects) = preSolution
		{95B3B436-D38C-4799-955D-E22CA8F4A286} = {A7C46BD1-33AB-4203-A96B-A15C57870716}
		{044B16DE-2F41-43B5-A019-AB2DCE8D3202} = {C9CDBB29-B3F8-4047-B31A-2BA951CB01C7}
		{2EFB26E2-9209-4CF0-86E6-0F661EB51F87} = {C9CDBB29-B3F8-4047-B31A-2BA951CB01C7}
		{8AFEB094-6B6B-4194-A98D-EDC76D1C7FF0} = {56640BB7-3A7A-4EAE-A9AC-5871C5291E3B}
		{D27297FC-6944-4642-A47D-4BC90A7B63F7} = {56640BB7-3A7A-4EAE-A9AC-5871C5291E3B}
	EndGlobalSection
	GlobalSection(ExtensibilityGlobals) = postSolution
		SolutionGuid = {8EB1A763-D085-4AAC-AA96-B2E6A96E4414}
	EndGlobalSection
EndGlobal
